
Microsoft Visual Studio Solution File, Format Version 12.00
# Visual Studio Version 17
VisualStudioVersion = 17.10.35027.167
MinimumVisualStudioVersion = 10.0.40219.1
Project("{2150E333-8FDC-42A3-9474-1A3956D46DE8}") = "Apps", "Apps", "{482E7CED-27CA-45A0-948E-DA0091DE44A5}"
EndProject
Project("{2150E333-8FDC-42A3-9474-1A3956D46DE8}") = "Games", "Games", "{E62683BB-A801-4CC1-AD7F-4E73026C157D}"
EndProject
Project("{9A19103F-16F7-4668-BE54-9A1E7A4F7556}") = "D20Tek.Functional.UnitTests", "tests\D20Tek.Functional.UnitTests\D20Tek.Functional.UnitTests.csproj", "{B1D9FF73-8A73-45A3-8D62-8F341A1CDDF7}"
EndProject
Project("{9A19103F-16F7-4668-BE54-9A1E7A4F7556}") = "D20Tek.Functional", "src\D20Tek.Functional\D20Tek.Functional.csproj", "{AF3D8F22-89A5-4FC9-924E-32023C613F17}"
EndProject
Project("{2150E333-8FDC-42A3-9474-1A3956D46DE8}") = "Tests", "Tests", "{37B6E55F-B212-47B4-86D8-6E4812BEE837}"
EndProject
Project("{D954291E-2A0B-460D-934E-DC6B0785DB48}") = "Games.Common", "samples\Games\Games.Common\Games.Common.shproj", "{907A386A-24A4-4232-9B57-54E83B70701A}"
EndProject
Project("{9A19103F-16F7-4668-BE54-9A1E7A4F7556}") = "ChutesAndLadders", "samples\Games\ChutesAndLadders\ChutesAndLadders.csproj", "{5F338ACB-6E77-4467-A555-12CF04ED40CE}"
EndProject
Project("{9A19103F-16F7-4668-BE54-9A1E7A4F7556}") = "Crash", "samples\Games\Crash\Crash.csproj", "{9000B050-7657-498B-ABF4-F7AC50C4A94F}"
EndProject
Project("{9A19103F-16F7-4668-BE54-9A1E7A4F7556}") = "MartianTrail", "samples\Games\MartianTrail\MartianTrail.csproj", "{3C4A28FB-9C00-4011-A55A-49C9E23F28D6}"
EndProject
Project("{9A19103F-16F7-4668-BE54-9A1E7A4F7556}") = "SlotMachine", "samples\Games\SlotMachine\SlotMachine.csproj", "{CB757DBA-2A65-4E14-98B7-33B613FB4C30}"
EndProject
Project("{9A19103F-16F7-4668-BE54-9A1E7A4F7556}") = "Teletype", "samples\Games\Teletype\Teletype.csproj", "{7E8CD730-E327-425D-9A25-13C26F3FEBF3}"
EndProject
Project("{9A19103F-16F7-4668-BE54-9A1E7A4F7556}") = "TreasureHunt", "samples\Games\TreasureHunt\TreasureHunt.csproj", "{338E02B7-2AF5-42B5-BCBE-D5266791B741}"
EndProject
Project("{9A19103F-16F7-4668-BE54-9A1E7A4F7556}") = "Zorgos", "samples\Games\Zorgos\Zorgos.csproj", "{B21C8A84-F9C2-4D5D-8E54-FDF8B58C9484}"
EndProject
Project("{D954291E-2A0B-460D-934E-DC6B0785DB48}") = "Apps.Common", "samples\Apps\Apps.Common\Apps.Common.shproj", "{C3E996B1-74DA-49B8-A5AD-73DC3F079533}"
EndProject
Project("{D954291E-2A0B-460D-934E-DC6B0785DB48}") = "Apps.Repositories", "samples\Apps\Apps.Repositories\Apps.Repositories.shproj", "{5F1BCF33-767B-452E-8621-22A1F78EE6C2}"
EndProject
Project("{9A19103F-16F7-4668-BE54-9A1E7A4F7556}") = "BudgetTracker", "samples\Apps\BudgetTracker\BudgetTracker.csproj", "{E8BC0298-8CAF-4C7B-AF74-2DB2D0C66BB1}"
EndProject
Project("{9A19103F-16F7-4668-BE54-9A1E7A4F7556}") = "GeneratePassword", "samples\Apps\GeneratePassword\GeneratePassword.csproj", "{1B2BD798-9674-4B09-931A-546A46F9FF0A}"
EndProject
Project("{9A19103F-16F7-4668-BE54-9A1E7A4F7556}") = "GpaCalc", "samples\Apps\GpaCalc\GpaCalc.csproj", "{A7D2E02D-5106-40D5-BBE0-8A82896FB186}"
EndProject
Project("{9A19103F-16F7-4668-BE54-9A1E7A4F7556}") = "TempConverter", "samples\Apps\TempConverter\TempConverter.csproj", "{74F1197A-6EF5-47C4-9891-7E989D3FB26E}"
EndProject
Project("{9A19103F-16F7-4668-BE54-9A1E7A4F7556}") = "TerminalAppTemplate", "samples\Apps\TerminalAppTemplate\TerminalAppTemplate.csproj", "{2A4F7FFA-D2BA-4B4C-B2C9-99AE11A1FB46}"
EndProject
Project("{9A19103F-16F7-4668-BE54-9A1E7A4F7556}") = "TipCalc", "samples\Apps\TipCalc\TipCalc.csproj", "{56CA8C7C-33A8-4680-A6B3-3F8D45BDAC2B}"
EndProject
Project("{9A19103F-16F7-4668-BE54-9A1E7A4F7556}") = "UnitConverter", "samples\Apps\UnitConverter\UnitConverter.csproj", "{914203CE-CA69-46B2-9501-A6F2B45729B0}"
EndProject
Project("{9A19103F-16F7-4668-BE54-9A1E7A4F7556}") = "WealthTracker", "samples\Apps\WealthTracker\WealthTracker.csproj", "{80AF5998-4883-4E18-9B0D-CB69C3AE023D}"
EndProject
Project("{2150E333-8FDC-42A3-9474-1A3956D46DE8}") = "WebApi", "WebApi", "{59123F95-BEB7-474B-9A0B-5E2154CF3E4B}"
EndProject
Project("{2150E333-8FDC-42A3-9474-1A3956D46DE8}") = "Samples", "Samples", "{4E9B17DE-BA4D-4DA0-A723-2190101BD66C}"
EndProject
Project("{FAE04EC0-301F-11D3-BF4B-00C04F79EFBC}") = "TodoService", "samples\WebApi\TodoService\TodoService.csproj", "{7DF655C0-F284-4867-BC54-832B73DAA14A}"
EndProject
Global
	GlobalSection(SolutionConfigurationPlatforms) = preSolution
		Debug|Any CPU = Debug|Any CPU
		Release|Any CPU = Release|Any CPU
	EndGlobalSection
	GlobalSection(ProjectConfigurationPlatforms) = postSolution
		{B1D9FF73-8A73-45A3-8D62-8F341A1CDDF7}.Debug|Any CPU.ActiveCfg = Debug|Any CPU
		{B1D9FF73-8A73-45A3-8D62-8F341A1CDDF7}.Debug|Any CPU.Build.0 = Debug|Any CPU
		{B1D9FF73-8A73-45A3-8D62-8F341A1CDDF7}.Release|Any CPU.ActiveCfg = Release|Any CPU
		{B1D9FF73-8A73-45A3-8D62-8F341A1CDDF7}.Release|Any CPU.Build.0 = Release|Any CPU
		{AF3D8F22-89A5-4FC9-924E-32023C613F17}.Debug|Any CPU.ActiveCfg = Debug|Any CPU
		{AF3D8F22-89A5-4FC9-924E-32023C613F17}.Debug|Any CPU.Build.0 = Debug|Any CPU
		{AF3D8F22-89A5-4FC9-924E-32023C613F17}.Release|Any CPU.ActiveCfg = Release|Any CPU
		{AF3D8F22-89A5-4FC9-924E-32023C613F17}.Release|Any CPU.Build.0 = Release|Any CPU
		{5F338ACB-6E77-4467-A555-12CF04ED40CE}.Debug|Any CPU.ActiveCfg = Debug|Any CPU
		{5F338ACB-6E77-4467-A555-12CF04ED40CE}.Debug|Any CPU.Build.0 = Debug|Any CPU
		{5F338ACB-6E77-4467-A555-12CF04ED40CE}.Release|Any CPU.ActiveCfg = Release|Any CPU
		{5F338ACB-6E77-4467-A555-12CF04ED40CE}.Release|Any CPU.Build.0 = Release|Any CPU
		{9000B050-7657-498B-ABF4-F7AC50C4A94F}.Debug|Any CPU.ActiveCfg = Debug|Any CPU
		{9000B050-7657-498B-ABF4-F7AC50C4A94F}.Debug|Any CPU.Build.0 = Debug|Any CPU
		{9000B050-7657-498B-ABF4-F7AC50C4A94F}.Release|Any CPU.ActiveCfg = Release|Any CPU
		{9000B050-7657-498B-ABF4-F7AC50C4A94F}.Release|Any CPU.Build.0 = Release|Any CPU
		{3C4A28FB-9C00-4011-A55A-49C9E23F28D6}.Debug|Any CPU.ActiveCfg = Debug|Any CPU
		{3C4A28FB-9C00-4011-A55A-49C9E23F28D6}.Debug|Any CPU.Build.0 = Debug|Any CPU
		{3C4A28FB-9C00-4011-A55A-49C9E23F28D6}.Release|Any CPU.ActiveCfg = Release|Any CPU
		{3C4A28FB-9C00-4011-A55A-49C9E23F28D6}.Release|Any CPU.Build.0 = Release|Any CPU
		{CB757DBA-2A65-4E14-98B7-33B613FB4C30}.Debug|Any CPU.ActiveCfg = Debug|Any CPU
		{CB757DBA-2A65-4E14-98B7-33B613FB4C30}.Debug|Any CPU.Build.0 = Debug|Any CPU
		{CB757DBA-2A65-4E14-98B7-33B613FB4C30}.Release|Any CPU.ActiveCfg = Release|Any CPU
		{CB757DBA-2A65-4E14-98B7-33B613FB4C30}.Release|Any CPU.Build.0 = Release|Any CPU
		{7E8CD730-E327-425D-9A25-13C26F3FEBF3}.Debug|Any CPU.ActiveCfg = Debug|Any CPU
		{7E8CD730-E327-425D-9A25-13C26F3FEBF3}.Debug|Any CPU.Build.0 = Debug|Any CPU
		{7E8CD730-E327-425D-9A25-13C26F3FEBF3}.Release|Any CPU.ActiveCfg = Release|Any CPU
		{7E8CD730-E327-425D-9A25-13C26F3FEBF3}.Release|Any CPU.Build.0 = Release|Any CPU
		{338E02B7-2AF5-42B5-BCBE-D5266791B741}.Debug|Any CPU.ActiveCfg = Debug|Any CPU
		{338E02B7-2AF5-42B5-BCBE-D5266791B741}.Debug|Any CPU.Build.0 = Debug|Any CPU
		{338E02B7-2AF5-42B5-BCBE-D5266791B741}.Release|Any CPU.ActiveCfg = Release|Any CPU
		{338E02B7-2AF5-42B5-BCBE-D5266791B741}.Release|Any CPU.Build.0 = Release|Any CPU
		{B21C8A84-F9C2-4D5D-8E54-FDF8B58C9484}.Debug|Any CPU.ActiveCfg = Debug|Any CPU
		{B21C8A84-F9C2-4D5D-8E54-FDF8B58C9484}.Debug|Any CPU.Build.0 = Debug|Any CPU
		{B21C8A84-F9C2-4D5D-8E54-FDF8B58C9484}.Release|Any CPU.ActiveCfg = Release|Any CPU
		{B21C8A84-F9C2-4D5D-8E54-FDF8B58C9484}.Release|Any CPU.Build.0 = Release|Any CPU
		{E8BC0298-8CAF-4C7B-AF74-2DB2D0C66BB1}.Debug|Any CPU.ActiveCfg = Debug|Any CPU
		{E8BC0298-8CAF-4C7B-AF74-2DB2D0C66BB1}.Debug|Any CPU.Build.0 = Debug|Any CPU
		{E8BC0298-8CAF-4C7B-AF74-2DB2D0C66BB1}.Release|Any CPU.ActiveCfg = Release|Any CPU
		{E8BC0298-8CAF-4C7B-AF74-2DB2D0C66BB1}.Release|Any CPU.Build.0 = Release|Any CPU
		{1B2BD798-9674-4B09-931A-546A46F9FF0A}.Debug|Any CPU.ActiveCfg = Debug|Any CPU
		{1B2BD798-9674-4B09-931A-546A46F9FF0A}.Debug|Any CPU.Build.0 = Debug|Any CPU
		{1B2BD798-9674-4B09-931A-546A46F9FF0A}.Release|Any CPU.ActiveCfg = Release|Any CPU
		{1B2BD798-9674-4B09-931A-546A46F9FF0A}.Release|Any CPU.Build.0 = Release|Any CPU
		{A7D2E02D-5106-40D5-BBE0-8A82896FB186}.Debug|Any CPU.ActiveCfg = Debug|Any CPU
		{A7D2E02D-5106-40D5-BBE0-8A82896FB186}.Debug|Any CPU.Build.0 = Debug|Any CPU
		{A7D2E02D-5106-40D5-BBE0-8A82896FB186}.Release|Any CPU.ActiveCfg = Release|Any CPU
		{A7D2E02D-5106-40D5-BBE0-8A82896FB186}.Release|Any CPU.Build.0 = Release|Any CPU
		{74F1197A-6EF5-47C4-9891-7E989D3FB26E}.Debug|Any CPU.ActiveCfg = Debug|Any CPU
		{74F1197A-6EF5-47C4-9891-7E989D3FB26E}.Debug|Any CPU.Build.0 = Debug|Any CPU
		{74F1197A-6EF5-47C4-9891-7E989D3FB26E}.Release|Any CPU.ActiveCfg = Release|Any CPU
		{74F1197A-6EF5-47C4-9891-7E989D3FB26E}.Release|Any CPU.Build.0 = Release|Any CPU
		{2A4F7FFA-D2BA-4B4C-B2C9-99AE11A1FB46}.Debug|Any CPU.ActiveCfg = Debug|Any CPU
		{2A4F7FFA-D2BA-4B4C-B2C9-99AE11A1FB46}.Debug|Any CPU.Build.0 = Debug|Any CPU
		{2A4F7FFA-D2BA-4B4C-B2C9-99AE11A1FB46}.Release|Any CPU.ActiveCfg = Release|Any CPU
		{2A4F7FFA-D2BA-4B4C-B2C9-99AE11A1FB46}.Release|Any CPU.Build.0 = Release|Any CPU
		{56CA8C7C-33A8-4680-A6B3-3F8D45BDAC2B}.Debug|Any CPU.ActiveCfg = Debug|Any CPU
		{56CA8C7C-33A8-4680-A6B3-3F8D45BDAC2B}.Debug|Any CPU.Build.0 = Debug|Any CPU
		{56CA8C7C-33A8-4680-A6B3-3F8D45BDAC2B}.Release|Any CPU.ActiveCfg = Release|Any CPU
		{56CA8C7C-33A8-4680-A6B3-3F8D45BDAC2B}.Release|Any CPU.Build.0 = Release|Any CPU
		{914203CE-CA69-46B2-9501-A6F2B45729B0}.Debug|Any CPU.ActiveCfg = Debug|Any CPU
		{914203CE-CA69-46B2-9501-A6F2B45729B0}.Debug|Any CPU.Build.0 = Debug|Any CPU
		{914203CE-CA69-46B2-9501-A6F2B45729B0}.Release|Any CPU.ActiveCfg = Release|Any CPU
		{914203CE-CA69-46B2-9501-A6F2B45729B0}.Release|Any CPU.Build.0 = Release|Any CPU
		{80AF5998-4883-4E18-9B0D-CB69C3AE023D}.Debug|Any CPU.ActiveCfg = Debug|Any CPU
		{80AF5998-4883-4E18-9B0D-CB69C3AE023D}.Debug|Any CPU.Build.0 = Debug|Any CPU
		{80AF5998-4883-4E18-9B0D-CB69C3AE023D}.Release|Any CPU.ActiveCfg = Release|Any CPU
		{80AF5998-4883-4E18-9B0D-CB69C3AE023D}.Release|Any CPU.Build.0 = Release|Any CPU
		{7DF655C0-F284-4867-BC54-832B73DAA14A}.Debug|Any CPU.ActiveCfg = Debug|Any CPU
		{7DF655C0-F284-4867-BC54-832B73DAA14A}.Debug|Any CPU.Build.0 = Debug|Any CPU
		{7DF655C0-F284-4867-BC54-832B73DAA14A}.Release|Any CPU.ActiveCfg = Release|Any CPU
		{7DF655C0-F284-4867-BC54-832B73DAA14A}.Release|Any CPU.Build.0 = Release|Any CPU
	EndGlobalSection
	GlobalSection(SolutionProperties) = preSolution
		HideSolutionNode = FALSE
	EndGlobalSection
	GlobalSection(NestedProjects) = preSolution
		{482E7CED-27CA-45A0-948E-DA0091DE44A5} = {4E9B17DE-BA4D-4DA0-A723-2190101BD66C}
		{E62683BB-A801-4CC1-AD7F-4E73026C157D} = {4E9B17DE-BA4D-4DA0-A723-2190101BD66C}
		{B1D9FF73-8A73-45A3-8D62-8F341A1CDDF7} = {37B6E55F-B212-47B4-86D8-6E4812BEE837}
		{907A386A-24A4-4232-9B57-54E83B70701A} = {E62683BB-A801-4CC1-AD7F-4E73026C157D}
		{5F338ACB-6E77-4467-A555-12CF04ED40CE} = {E62683BB-A801-4CC1-AD7F-4E73026C157D}
		{9000B050-7657-498B-ABF4-F7AC50C4A94F} = {E62683BB-A801-4CC1-AD7F-4E73026C157D}
		{3C4A28FB-9C00-4011-A55A-49C9E23F28D6} = {E62683BB-A801-4CC1-AD7F-4E73026C157D}
		{CB757DBA-2A65-4E14-98B7-33B613FB4C30} = {E62683BB-A801-4CC1-AD7F-4E73026C157D}
		{7E8CD730-E327-425D-9A25-13C26F3FEBF3} = {E62683BB-A801-4CC1-AD7F-4E73026C157D}
		{338E02B7-2AF5-42B5-BCBE-D5266791B741} = {E62683BB-A801-4CC1-AD7F-4E73026C157D}
		{B21C8A84-F9C2-4D5D-8E54-FDF8B58C9484} = {E62683BB-A801-4CC1-AD7F-4E73026C157D}
		{C3E996B1-74DA-49B8-A5AD-73DC3F079533} = {482E7CED-27CA-45A0-948E-DA0091DE44A5}
		{5F1BCF33-767B-452E-8621-22A1F78EE6C2} = {482E7CED-27CA-45A0-948E-DA0091DE44A5}
		{E8BC0298-8CAF-4C7B-AF74-2DB2D0C66BB1} = {482E7CED-27CA-45A0-948E-DA0091DE44A5}
		{1B2BD798-9674-4B09-931A-546A46F9FF0A} = {482E7CED-27CA-45A0-948E-DA0091DE44A5}
		{A7D2E02D-5106-40D5-BBE0-8A82896FB186} = {482E7CED-27CA-45A0-948E-DA0091DE44A5}
		{74F1197A-6EF5-47C4-9891-7E989D3FB26E} = {482E7CED-27CA-45A0-948E-DA0091DE44A5}
		{2A4F7FFA-D2BA-4B4C-B2C9-99AE11A1FB46} = {482E7CED-27CA-45A0-948E-DA0091DE44A5}
		{56CA8C7C-33A8-4680-A6B3-3F8D45BDAC2B} = {482E7CED-27CA-45A0-948E-DA0091DE44A5}
		{914203CE-CA69-46B2-9501-A6F2B45729B0} = {482E7CED-27CA-45A0-948E-DA0091DE44A5}
		{80AF5998-4883-4E18-9B0D-CB69C3AE023D} = {482E7CED-27CA-45A0-948E-DA0091DE44A5}
		{59123F95-BEB7-474B-9A0B-5E2154CF3E4B} = {4E9B17DE-BA4D-4DA0-A723-2190101BD66C}
		{7DF655C0-F284-4867-BC54-832B73DAA14A} = {59123F95-BEB7-474B-9A0B-5E2154CF3E4B}
	EndGlobalSection
	GlobalSection(ExtensibilityGlobals) = postSolution
		SolutionGuid = {FB2FA411-F89F-4697-8EDE-9CA921F88C52}
	EndGlobalSection
	GlobalSection(SharedMSBuildProjectFiles) = preSolution
		samples\Apps\Apps.Common\Apps.Common.projitems*{1b2bd798-9674-4b09-931a-546a46f9ff0a}*SharedItemsImports = 5
		samples\Apps\Apps.Common\Apps.Common.projitems*{2a4f7ffa-d2ba-4b4c-b2c9-99ae11a1fb46}*SharedItemsImports = 5
		samples\Games\Games.Common\Games.Common.projitems*{338e02b7-2af5-42b5-bcbe-d5266791b741}*SharedItemsImports = 5
		samples\Games\Games.Common\Games.Common.projitems*{3c4a28fb-9c00-4011-a55a-49c9e23f28d6}*SharedItemsImports = 5
		samples\Apps\Apps.Common\Apps.Common.projitems*{56ca8c7c-33a8-4680-a6b3-3f8d45bdac2b}*SharedItemsImports = 5
		samples\Apps\Apps.Repositories\Apps.Repositories.projitems*{5f1bcf33-767b-452e-8621-22a1f78ee6c2}*SharedItemsImports = 13
		samples\Apps\Apps.Repositories\Apps.Repositories.projitems*{7df655c0-f284-4867-bc54-832b73daa14a}*SharedItemsImports = 5
		samples\Games\Games.Common\Games.Common.projitems*{7e8cd730-e327-425d-9a25-13c26f3febf3}*SharedItemsImports = 5
		samples\Apps\Apps.Common\Apps.Common.projitems*{80af5998-4883-4e18-9b0d-cb69c3ae023d}*SharedItemsImports = 5
		samples\Apps\Apps.Repositories\Apps.Repositories.projitems*{80af5998-4883-4e18-9b0d-cb69c3ae023d}*SharedItemsImports = 5
		samples\Games\Games.Common\Games.Common.projitems*{9000b050-7657-498b-abf4-f7ac50c4a94f}*SharedItemsImports = 5
		samples\Games\Games.Common\Games.Common.projitems*{907a386a-24a4-4232-9b57-54e83b70701a}*SharedItemsImports = 13
		samples\Apps\Apps.Common\Apps.Common.projitems*{a7d2e02d-5106-40d5-bbe0-8a82896fb186}*SharedItemsImports = 5
		samples\Games\Games.Common\Games.Common.projitems*{b21c8a84-f9c2-4d5d-8e54-fdf8b58c9484}*SharedItemsImports = 5
		samples\Games\Games.Common\Games.Common.projitems*{cb757dba-2a65-4e14-98b7-33b613fb4c30}*SharedItemsImports = 5
		samples\Apps\Apps.Common\Apps.Common.projitems*{e8bc0298-8caf-4c7b-af74-2db2d0c66bb1}*SharedItemsImports = 5
		samples\Apps\Apps.Repositories\Apps.Repositories.projitems*{e8bc0298-8caf-4c7b-af74-2db2d0c66bb1}*SharedItemsImports = 5
	EndGlobalSection
EndGlobal
