
Microsoft Visual Studio Solution File, Format Version 12.00
# Visual Studio Version 17
VisualStudioVersion = 17.10.35027.167
MinimumVisualStudioVersion = 10.0.40219.1
Project("{9A19103F-16F7-4668-BE54-9A1E7A4F7556}") = "UnitConverter", "src\UnitConverter\UnitConverter.csproj", "{7F4AF11A-49F1-4843-A064-50C76D21E8CC}"
EndProject
Project("{9A19103F-16F7-4668-BE54-9A1E7A4F7556}") = "D20Tek.Minimal.Functional", "src\D20Tek.Minimal.Functional\D20Tek.Minimal.Functional.csproj", "{90240D94-0BBA-421C-AB8C-7E1DD5F84FC9}"
EndProject
Project("{9A19103F-16F7-4668-BE54-9A1E7A4F7556}") = "TempConverter", "src\TempConverter\TempConverter.csproj", "{F1EA0E58-B146-4A32-BCFF-40492A9690DB}"
EndProject
Project("{9A19103F-16F7-4668-BE54-9A1E7A4F7556}") = "ChutesAndLadders", "src\ChutesAndLadders\ChutesAndLadders.csproj", "{0A7BF725-1E12-4C10-9479-6B9140665A72}"
EndProject
Project("{9A19103F-16F7-4668-BE54-9A1E7A4F7556}") = "MartianTrail", "src\MartianTrail\MartianTrail.csproj", "{DCA3A273-612C-4152-933E-DC16907144BF}"
EndProject
Project("{9A19103F-16F7-4668-BE54-9A1E7A4F7556}") = "Zorgos", "src\Zorgos\Zorgos.csproj", "{F155DC0A-1AD7-437A-88CF-92D5934EF635}"
EndProject
Project("{D954291E-2A0B-460D-934E-DC6B0785DB48}") = "Games.Common", "src\Games.Common\Games.Common.shproj", "{907A386A-24A4-4232-9B57-54E83B70701A}"
EndProject
Project("{9A19103F-16F7-4668-BE54-9A1E7A4F7556}") = "SlotMachine", "src\SlotMachine\SlotMachine.csproj", "{37B67104-BBC7-4F00-BB57-5ED41E32080C}"
EndProject
Project("{9A19103F-16F7-4668-BE54-9A1E7A4F7556}") = "TreasureHunt", "src\TreasureHunt\TreasureHunt.csproj", "{DEE1AE19-3D0B-4162-9787-2AD3B1C54575}"
EndProject
Project("{9A19103F-16F7-4668-BE54-9A1E7A4F7556}") = "Crash", "src\Crash\Crash.csproj", "{629200F7-043F-430C-92FC-C8E460554AB6}"
EndProject
Project("{9A19103F-16F7-4668-BE54-9A1E7A4F7556}") = "Teletype", "src\Teletype\Teletype.csproj", "{2C080C53-3298-4ABA-82E0-3568B8DC23CF}"
EndProject
Project("{9A19103F-16F7-4668-BE54-9A1E7A4F7556}") = "WealthTracker", "src\WealthTracker\WealthTracker.csproj", "{C5FEF00A-FC92-477C-A4AB-2F619D40A0CF}"
EndProject
Project("{9A19103F-16F7-4668-BE54-9A1E7A4F7556}") = "TerminalAppTemplate", "src\TerminalAppTemplate\TerminalAppTemplate.csproj", "{D96EF53D-5A93-47EC-A5D5-872BAED66116}"
EndProject
Project("{D954291E-2A0B-460D-934E-DC6B0785DB48}") = "Apps.Common", "src\Apps.Common\Apps.Common.shproj", "{F88FF24C-0578-4315-91B2-3070B2E51D1C}"
EndProject
Project("{2150E333-8FDC-42A3-9474-1A3956D46DE8}") = "Apps", "Apps", "{482E7CED-27CA-45A0-948E-DA0091DE44A5}"
EndProject
Project("{2150E333-8FDC-42A3-9474-1A3956D46DE8}") = "Games", "Games", "{E62683BB-A801-4CC1-AD7F-4E73026C157D}"
EndProject
Project("{FAE04EC0-301F-11D3-BF4B-00C04F79EFBC}") = "GeneratePassword", "src\GeneratePassword\GeneratePassword.csproj", "{8C829098-56CC-48CF-9E58-0F9EDC8B926E}"
EndProject
Global
	GlobalSection(SolutionConfigurationPlatforms) = preSolution
		Debug|Any CPU = Debug|Any CPU
		Release|Any CPU = Release|Any CPU
	EndGlobalSection
	GlobalSection(ProjectConfigurationPlatforms) = postSolution
		{7F4AF11A-49F1-4843-A064-50C76D21E8CC}.Debug|Any CPU.ActiveCfg = Debug|Any CPU
		{7F4AF11A-49F1-4843-A064-50C76D21E8CC}.Debug|Any CPU.Build.0 = Debug|Any CPU
		{7F4AF11A-49F1-4843-A064-50C76D21E8CC}.Release|Any CPU.ActiveCfg = Release|Any CPU
		{7F4AF11A-49F1-4843-A064-50C76D21E8CC}.Release|Any CPU.Build.0 = Release|Any CPU
		{90240D94-0BBA-421C-AB8C-7E1DD5F84FC9}.Debug|Any CPU.ActiveCfg = Debug|Any CPU
		{90240D94-0BBA-421C-AB8C-7E1DD5F84FC9}.Debug|Any CPU.Build.0 = Debug|Any CPU
		{90240D94-0BBA-421C-AB8C-7E1DD5F84FC9}.Release|Any CPU.ActiveCfg = Release|Any CPU
		{90240D94-0BBA-421C-AB8C-7E1DD5F84FC9}.Release|Any CPU.Build.0 = Release|Any CPU
		{F1EA0E58-B146-4A32-BCFF-40492A9690DB}.Debug|Any CPU.ActiveCfg = Debug|Any CPU
		{F1EA0E58-B146-4A32-BCFF-40492A9690DB}.Debug|Any CPU.Build.0 = Debug|Any CPU
		{F1EA0E58-B146-4A32-BCFF-40492A9690DB}.Release|Any CPU.ActiveCfg = Release|Any CPU
		{F1EA0E58-B146-4A32-BCFF-40492A9690DB}.Release|Any CPU.Build.0 = Release|Any CPU
		{0A7BF725-1E12-4C10-9479-6B9140665A72}.Debug|Any CPU.ActiveCfg = Debug|Any CPU
		{0A7BF725-1E12-4C10-9479-6B9140665A72}.Debug|Any CPU.Build.0 = Debug|Any CPU
		{0A7BF725-1E12-4C10-9479-6B9140665A72}.Release|Any CPU.ActiveCfg = Release|Any CPU
		{0A7BF725-1E12-4C10-9479-6B9140665A72}.Release|Any CPU.Build.0 = Release|Any CPU
		{DCA3A273-612C-4152-933E-DC16907144BF}.Debug|Any CPU.ActiveCfg = Debug|Any CPU
		{DCA3A273-612C-4152-933E-DC16907144BF}.Debug|Any CPU.Build.0 = Debug|Any CPU
		{DCA3A273-612C-4152-933E-DC16907144BF}.Release|Any CPU.ActiveCfg = Release|Any CPU
		{DCA3A273-612C-4152-933E-DC16907144BF}.Release|Any CPU.Build.0 = Release|Any CPU
		{F155DC0A-1AD7-437A-88CF-92D5934EF635}.Debug|Any CPU.ActiveCfg = Debug|Any CPU
		{F155DC0A-1AD7-437A-88CF-92D5934EF635}.Debug|Any CPU.Build.0 = Debug|Any CPU
		{F155DC0A-1AD7-437A-88CF-92D5934EF635}.Release|Any CPU.ActiveCfg = Release|Any CPU
		{F155DC0A-1AD7-437A-88CF-92D5934EF635}.Release|Any CPU.Build.0 = Release|Any CPU
		{37B67104-BBC7-4F00-BB57-5ED41E32080C}.Debug|Any CPU.ActiveCfg = Debug|Any CPU
		{37B67104-BBC7-4F00-BB57-5ED41E32080C}.Debug|Any CPU.Build.0 = Debug|Any CPU
		{37B67104-BBC7-4F00-BB57-5ED41E32080C}.Release|Any CPU.ActiveCfg = Release|Any CPU
		{37B67104-BBC7-4F00-BB57-5ED41E32080C}.Release|Any CPU.Build.0 = Release|Any CPU
		{DEE1AE19-3D0B-4162-9787-2AD3B1C54575}.Debug|Any CPU.ActiveCfg = Debug|Any CPU
		{DEE1AE19-3D0B-4162-9787-2AD3B1C54575}.Debug|Any CPU.Build.0 = Debug|Any CPU
		{DEE1AE19-3D0B-4162-9787-2AD3B1C54575}.Release|Any CPU.ActiveCfg = Release|Any CPU
		{DEE1AE19-3D0B-4162-9787-2AD3B1C54575}.Release|Any CPU.Build.0 = Release|Any CPU
		{629200F7-043F-430C-92FC-C8E460554AB6}.Debug|Any CPU.ActiveCfg = Debug|Any CPU
		{629200F7-043F-430C-92FC-C8E460554AB6}.Debug|Any CPU.Build.0 = Debug|Any CPU
		{629200F7-043F-430C-92FC-C8E460554AB6}.Release|Any CPU.ActiveCfg = Release|Any CPU
		{629200F7-043F-430C-92FC-C8E460554AB6}.Release|Any CPU.Build.0 = Release|Any CPU
		{2C080C53-3298-4ABA-82E0-3568B8DC23CF}.Debug|Any CPU.ActiveCfg = Debug|Any CPU
		{2C080C53-3298-4ABA-82E0-3568B8DC23CF}.Debug|Any CPU.Build.0 = Debug|Any CPU
		{2C080C53-3298-4ABA-82E0-3568B8DC23CF}.Release|Any CPU.ActiveCfg = Release|Any CPU
		{2C080C53-3298-4ABA-82E0-3568B8DC23CF}.Release|Any CPU.Build.0 = Release|Any CPU
		{C5FEF00A-FC92-477C-A4AB-2F619D40A0CF}.Debug|Any CPU.ActiveCfg = Debug|Any CPU
		{C5FEF00A-FC92-477C-A4AB-2F619D40A0CF}.Debug|Any CPU.Build.0 = Debug|Any CPU
		{C5FEF00A-FC92-477C-A4AB-2F619D40A0CF}.Release|Any CPU.ActiveCfg = Release|Any CPU
		{C5FEF00A-FC92-477C-A4AB-2F619D40A0CF}.Release|Any CPU.Build.0 = Release|Any CPU
		{D96EF53D-5A93-47EC-A5D5-872BAED66116}.Debug|Any CPU.ActiveCfg = Debug|Any CPU
		{D96EF53D-5A93-47EC-A5D5-872BAED66116}.Debug|Any CPU.Build.0 = Debug|Any CPU
		{D96EF53D-5A93-47EC-A5D5-872BAED66116}.Release|Any CPU.ActiveCfg = Release|Any CPU
		{D96EF53D-5A93-47EC-A5D5-872BAED66116}.Release|Any CPU.Build.0 = Release|Any CPU
		{8C829098-56CC-48CF-9E58-0F9EDC8B926E}.Debug|Any CPU.ActiveCfg = Debug|Any CPU
		{8C829098-56CC-48CF-9E58-0F9EDC8B926E}.Debug|Any CPU.Build.0 = Debug|Any CPU
		{8C829098-56CC-48CF-9E58-0F9EDC8B926E}.Release|Any CPU.ActiveCfg = Release|Any CPU
		{8C829098-56CC-48CF-9E58-0F9EDC8B926E}.Release|Any CPU.Build.0 = Release|Any CPU
	EndGlobalSection
	GlobalSection(SolutionProperties) = preSolution
		HideSolutionNode = FALSE
	EndGlobalSection
	GlobalSection(NestedProjects) = preSolution
		{7F4AF11A-49F1-4843-A064-50C76D21E8CC} = {482E7CED-27CA-45A0-948E-DA0091DE44A5}
		{F1EA0E58-B146-4A32-BCFF-40492A9690DB} = {482E7CED-27CA-45A0-948E-DA0091DE44A5}
		{0A7BF725-1E12-4C10-9479-6B9140665A72} = {E62683BB-A801-4CC1-AD7F-4E73026C157D}
		{DCA3A273-612C-4152-933E-DC16907144BF} = {E62683BB-A801-4CC1-AD7F-4E73026C157D}
		{F155DC0A-1AD7-437A-88CF-92D5934EF635} = {E62683BB-A801-4CC1-AD7F-4E73026C157D}
		{907A386A-24A4-4232-9B57-54E83B70701A} = {E62683BB-A801-4CC1-AD7F-4E73026C157D}
		{37B67104-BBC7-4F00-BB57-5ED41E32080C} = {E62683BB-A801-4CC1-AD7F-4E73026C157D}
		{DEE1AE19-3D0B-4162-9787-2AD3B1C54575} = {E62683BB-A801-4CC1-AD7F-4E73026C157D}
		{629200F7-043F-430C-92FC-C8E460554AB6} = {E62683BB-A801-4CC1-AD7F-4E73026C157D}
		{2C080C53-3298-4ABA-82E0-3568B8DC23CF} = {E62683BB-A801-4CC1-AD7F-4E73026C157D}
		{C5FEF00A-FC92-477C-A4AB-2F619D40A0CF} = {482E7CED-27CA-45A0-948E-DA0091DE44A5}
		{D96EF53D-5A93-47EC-A5D5-872BAED66116} = {482E7CED-27CA-45A0-948E-DA0091DE44A5}
		{F88FF24C-0578-4315-91B2-3070B2E51D1C} = {482E7CED-27CA-45A0-948E-DA0091DE44A5}
		{8C829098-56CC-48CF-9E58-0F9EDC8B926E} = {482E7CED-27CA-45A0-948E-DA0091DE44A5}
	EndGlobalSection
	GlobalSection(ExtensibilityGlobals) = postSolution
		SolutionGuid = {FB2FA411-F89F-4697-8EDE-9CA921F88C52}
	EndGlobalSection
	GlobalSection(SharedMSBuildProjectFiles) = preSolution
		src\Games.Common\Games.Common.projitems*{2c080c53-3298-4aba-82e0-3568b8dc23cf}*SharedItemsImports = 5
		src\Games.Common\Games.Common.projitems*{37b67104-bbc7-4f00-bb57-5ed41e32080c}*SharedItemsImports = 5
		src\Games.Common\Games.Common.projitems*{629200f7-043f-430c-92fc-c8e460554ab6}*SharedItemsImports = 5
		src\Games.Common\Games.Common.projitems*{907a386a-24a4-4232-9b57-54e83b70701a}*SharedItemsImports = 13
		src\Apps.Common\Apps.Common.projitems*{c5fef00a-fc92-477c-a4ab-2f619d40a0cf}*SharedItemsImports = 5
		src\Apps.Common\Apps.Common.projitems*{d96ef53d-5a93-47ec-a5d5-872baed66116}*SharedItemsImports = 5
		src\Games.Common\Games.Common.projitems*{dca3a273-612c-4152-933e-dc16907144bf}*SharedItemsImports = 5
		src\Games.Common\Games.Common.projitems*{dee1ae19-3d0b-4162-9787-2ad3b1c54575}*SharedItemsImports = 5
		src\Games.Common\Games.Common.projitems*{f155dc0a-1ad7-437a-88cf-92d5934ef635}*SharedItemsImports = 5
		src\Apps.Common\Apps.Common.projitems*{f88ff24c-0578-4315-91b2-3070b2e51d1c}*SharedItemsImports = 13
	EndGlobalSection
EndGlobal
